
Microsoft Visual Studio Solution File, Format Version 12.00
# Visual Studio Version 16
VisualStudioVersion = 25.0.1706.12
MinimumVisualStudioVersion = 10.0.40219.1
Project("{FAE04EC0-301F-11D3-BF4B-00C04F79EFBC}") = "CSDL NC", "CSDL NC\CSDL NC.csproj", "{51CF99BC-8E49-48D3-9A50-A61FE64D9635}"
EndProject
Global
	GlobalSection(SolutionConfigurationPlatforms) = preSolution
		Debug|Any CPU = Debug|Any CPU
		Release|Any CPU = Release|Any CPU
	EndGlobalSection
	GlobalSection(ProjectConfigurationPlatforms) = postSolution
		{51CF99BC-8E49-48D3-9A50-A61FE64D9635}.Debug|Any CPU.ActiveCfg = Debug|Any CPU
		{51CF99BC-8E49-48D3-9A50-A61FE64D9635}.Debug|Any CPU.Build.0 = Debug|Any CPU
		{51CF99BC-8E49-48D3-9A50-A61FE64D9635}.Release|Any CPU.ActiveCfg = Release|Any CPU
		{51CF99BC-8E49-48D3-9A50-A61FE64D9635}.Release|Any CPU.Build.0 = Release|Any CPU
	EndGlobalSection
	GlobalSection(SolutionProperties) = preSolution
		HideSolutionNode = FALSE
	EndGlobalSection
	GlobalSection(ExtensibilityGlobals) = postSolution
		SolutionGuid = {D14FA051-9331-4FDC-9201-A059DDCD3D06}
	EndGlobalSection
EndGlobal
